<Solution>
  <Folder Name="/Core/">
    <Project Path="Core/ECommerce.Abstraction/ECommerce.Abstraction.csproj" Id="39f4b3b0-cca4-4436-92f7-0afff5388192" />
    <Project Path="Core/ECommerce.Domain/ECommerce.Domain.csproj" Id="c17cf0be-3baa-436b-a7f1-6578342a5973" />
    <Project Path="Core/ECommerce.Service/ECommerce.Service.csproj" Id="3291c2e1-237d-4114-9b2d-412230333c3f" />
  </Folder>
  <Folder Name="/Infrastructure/">
    <Project Path="Infrastructure/ECommerce.Persistence/ECommerce.Persistence.csproj" Id="d18a9c0b-691f-4437-9106-681758102a4e" />
    <Project Path="Infrastructure/ECommerce.Presentation/ECommerce.Presentation.csproj" Id="34d7c4a8-7ab7-4f65-b37a-18f996187c49" />
  </Folder>
  <Project Path="ECommerce.Shared/ECommerce.Shared.csproj" Id="11ab9e5e-5bb2-47d2-8846-5af840c4e7b4" />
  <Project Path="Talabat Delivery/Talabat Delivery.csproj" />
</Solution>
